
Microsoft Visual Studio Solution File, Format Version 12.00
# Visual Studio Version 16
VisualStudioVersion = 16.0.29806.167
MinimumVisualStudioVersion = 10.0.40219.1
Project("{FAE04EC0-301F-11D3-BF4B-00C04F79EFBC}") = "ToolManagerLibrary", "ToolManagerLibrary\ToolManagerLibrary.csproj", "{D5FE8F60-9AA7-4D77-B439-274FC2126E30}"
EndProject
Project("{FAE04EC0-301F-11D3-BF4B-00C04F79EFBC}") = "ToolManagerUI", "ToolManagerUI\ToolManagerUI.csproj", "{867F586F-4035-462C-88F8-74DFEF9210FA}"
EndProject
Global
	GlobalSection(SolutionConfigurationPlatforms) = preSolution
		Debug|Any CPU = Debug|Any CPU
		Release|Any CPU = Release|Any CPU
	EndGlobalSection
	GlobalSection(ProjectConfigurationPlatforms) = postSolution
		{D5FE8F60-9AA7-4D77-B439-274FC2126E30}.Debug|Any CPU.ActiveCfg = Debug|Any CPU
		{D5FE8F60-9AA7-4D77-B439-274FC2126E30}.Debug|Any CPU.Build.0 = Debug|Any CPU
		{D5FE8F60-9AA7-4D77-B439-274FC2126E30}.Release|Any CPU.ActiveCfg = Release|Any CPU
		{D5FE8F60-9AA7-4D77-B439-274FC2126E30}.Release|Any CPU.Build.0 = Release|Any CPU
		{867F586F-4035-462C-88F8-74DFEF9210FA}.Debug|Any CPU.ActiveCfg = Debug|Any CPU
		{867F586F-4035-462C-88F8-74DFEF9210FA}.Debug|Any CPU.Build.0 = Debug|Any CPU
		{867F586F-4035-462C-88F8-74DFEF9210FA}.Release|Any CPU.ActiveCfg = Release|Any CPU
		{867F586F-4035-462C-88F8-74DFEF9210FA}.Release|Any CPU.Build.0 = Release|Any CPU
	EndGlobalSection
	GlobalSection(SolutionProperties) = preSolution
		HideSolutionNode = FALSE
	EndGlobalSection
	GlobalSection(ExtensibilityGlobals) = postSolution
		SolutionGuid = {B9431F43-A576-4C24-8E4C-F248FA458203}
	EndGlobalSection
EndGlobal
